// !$*UTF8*$!
{
	archiveVersion = 1;
	classes = {
	};
	objectVersion = 50;
	objects = {

/* Begin PBXBuildFile section */
		CA1016F4222B89E60066B2B5 /* NotificationManager.swift in Sources */ = {isa = PBXBuildFile; fileRef = CA1016F3222B89E60066B2B5 /* NotificationManager.swift */; };
		CA164FDE2216125300205AE9 /* FactorMark+Convenience.swift in Sources */ = {isa = PBXBuildFile; fileRef = CA164FDD2216125300205AE9 /* FactorMark+Convenience.swift */; };
		CA1F71302205981F0094A12A /* CardView.swift in Sources */ = {isa = PBXBuildFile; fileRef = CA1F712F2205981F0094A12A /* CardView.swift */; };
		CA1F713222059A1A0094A12A /* MainViewController.swift in Sources */ = {isa = PBXBuildFile; fileRef = CA1F713122059A1A0094A12A /* MainViewController.swift */; };
		CA3F5846220FA1000049752A /* AlertControllers.swift in Sources */ = {isa = PBXBuildFile; fileRef = CA3F5845220FA1000049752A /* AlertControllers.swift */; };
		CA4E437722041885002C329F /* AppDelegate.swift in Sources */ = {isa = PBXBuildFile; fileRef = CA4E437622041885002C329F /* AppDelegate.swift */; };
		CA4E437C22041885002C329F /* Main.storyboard in Resources */ = {isa = PBXBuildFile; fileRef = CA4E437A22041885002C329F /* Main.storyboard */; };
		CA4E437E22041886002C329F /* Assets.xcassets in Resources */ = {isa = PBXBuildFile; fileRef = CA4E437D22041886002C329F /* Assets.xcassets */; };
		CA4E438122041886002C329F /* LaunchScreen.storyboard in Resources */ = {isa = PBXBuildFile; fileRef = CA4E437F22041886002C329F /* LaunchScreen.storyboard */; };
		CA7164FB221A4C5C00C38029 /* EntryTableViewController.swift in Sources */ = {isa = PBXBuildFile; fileRef = CA7164FA221A4C5C00C38029 /* EntryTableViewController.swift */; };
		CA7164FF221A56D100C38029 /* DateAsString.swift in Sources */ = {isa = PBXBuildFile; fileRef = CA7164FE221A56D100C38029 /* DateAsString.swift */; };
		CA716503221CD93A00C38029 /* EntryStats.swift in Sources */ = {isa = PBXBuildFile; fileRef = CA716502221CD93A00C38029 /* EntryStats.swift */; };
		CA8148EA22154C4D00AA7111 /* GraphView.swift in Sources */ = {isa = PBXBuildFile; fileRef = CA8148E922154C4D00AA7111 /* GraphView.swift */; };
		CA8148EC22154D9B00AA7111 /* GraphFunction.swift in Sources */ = {isa = PBXBuildFile; fileRef = CA8148EB22154D9B00AA7111 /* GraphFunction.swift */; };
		CA85E573222BC9C1003BE157 /* ReminderControlView.swift in Sources */ = {isa = PBXBuildFile; fileRef = CA85E572222BC9C1003BE157 /* ReminderControlView.swift */; };
		CAC30679220C072D00C3229F /* ShakeExtension.swift in Sources */ = {isa = PBXBuildFile; fileRef = CAC30678220C072D00C3229F /* ShakeExtension.swift */; };
		CAC306B8220D360200C3229F /* Card+Convenience.swift in Sources */ = {isa = PBXBuildFile; fileRef = CAC306B7220D360200C3229F /* Card+Convenience.swift */; };
		CAC306BB220D4FAC00C3229F /* CardController.swift in Sources */ = {isa = PBXBuildFile; fileRef = CAC306BA220D4FAC00C3229F /* CardController.swift */; };
		CAD16FF7222DE7D4000A881E /* CardTableViewController.swift in Sources */ = {isa = PBXBuildFile; fileRef = CAD16FF6222DE7D4000A881E /* CardTableViewController.swift */; };
		CAD16FFA222DE876000A881E /* CardTableViewCell.swift in Sources */ = {isa = PBXBuildFile; fileRef = CAD16FF9222DE876000A881E /* CardTableViewCell.swift */; };
		CAD17038222EFCD2000A881E /* InsightViewController.swift in Sources */ = {isa = PBXBuildFile; fileRef = CAD17037222EFCD2000A881E /* InsightViewController.swift */; };
		CAD1703A222F18CA000A881E /* Constants.swift in Sources */ = {isa = PBXBuildFile; fileRef = CAD17039222F18CA000A881E /* Constants.swift */; };
		CAE3F9722204EF04008625C4 /* ifeelgood.xcdatamodeld in Sources */ = {isa = PBXBuildFile; fileRef = CAE3F9702204EF04008625C4 /* ifeelgood.xcdatamodeld */; };
		CAE3F9742204F16D008625C4 /* CoreDataStack.swift in Sources */ = {isa = PBXBuildFile; fileRef = CAE3F9732204F16D008625C4 /* CoreDataStack.swift */; };
		CAE3F9762204F1B1008625C4 /* FactorType+Convenience.swift in Sources */ = {isa = PBXBuildFile; fileRef = CAE3F9752204F1B1008625C4 /* FactorType+Convenience.swift */; };
		CAE3F9782204F1BF008625C4 /* Entry+Convenience.swift in Sources */ = {isa = PBXBuildFile; fileRef = CAE3F9772204F1BF008625C4 /* Entry+Convenience.swift */; };
		CAE740BF2224F46F00CA6C66 /* ReminderTableViewCell.swift in Sources */ = {isa = PBXBuildFile; fileRef = CAE740BE2224F46F00CA6C66 /* ReminderTableViewCell.swift */; };
		CAE740C32224F52B00CA6C66 /* ReminderController.swift in Sources */ = {isa = PBXBuildFile; fileRef = CAE740C22224F52B00CA6C66 /* ReminderController.swift */; };
		CAE740C52224F5AB00CA6C66 /* Reminder+Convenience.swift in Sources */ = {isa = PBXBuildFile; fileRef = CAE740C42224F5AB00CA6C66 /* Reminder+Convenience.swift */; };
		CAE740C72224F6FC00CA6C66 /* CoreDataManager.swift in Sources */ = {isa = PBXBuildFile; fileRef = CAE740C62224F6FC00CA6C66 /* CoreDataManager.swift */; };
		CAE740C92224FB9300CA6C66 /* ReminderViewController.swift in Sources */ = {isa = PBXBuildFile; fileRef = CAE740C82224FB9300CA6C66 /* ReminderViewController.swift */; };
		CAF353562223C2BA00F614B8 /* SettingsTableViewController.swift in Sources */ = {isa = PBXBuildFile; fileRef = CAF353552223C2BA00F614B8 /* SettingsTableViewController.swift */; };
/* End PBXBuildFile section */

/* Begin PBXFileReference section */
		CA1016F3222B89E60066B2B5 /* NotificationManager.swift */ = {isa = PBXFileReference; lastKnownFileType = sourcecode.swift; path = NotificationManager.swift; sourceTree = "<group>"; };
		CA164FDD2216125300205AE9 /* FactorMark+Convenience.swift */ = {isa = PBXFileReference; lastKnownFileType = sourcecode.swift; path = "FactorMark+Convenience.swift"; sourceTree = "<group>"; };
		CA1F712F2205981F0094A12A /* CardView.swift */ = {isa = PBXFileReference; lastKnownFileType = sourcecode.swift; path = CardView.swift; sourceTree = "<group>"; };
		CA1F713122059A1A0094A12A /* MainViewController.swift */ = {isa = PBXFileReference; lastKnownFileType = sourcecode.swift; path = MainViewController.swift; sourceTree = "<group>"; };
		CA3F5845220FA1000049752A /* AlertControllers.swift */ = {isa = PBXFileReference; lastKnownFileType = sourcecode.swift; path = AlertControllers.swift; sourceTree = "<group>"; };
		CA4E437322041885002C329F /* ifeelgood.app */ = {isa = PBXFileReference; explicitFileType = wrapper.application; includeInIndex = 0; path = ifeelgood.app; sourceTree = BUILT_PRODUCTS_DIR; };
		CA4E437622041885002C329F /* AppDelegate.swift */ = {isa = PBXFileReference; lastKnownFileType = sourcecode.swift; path = AppDelegate.swift; sourceTree = "<group>"; };
		CA4E437B22041885002C329F /* Base */ = {isa = PBXFileReference; lastKnownFileType = file.storyboard; name = Base; path = Base.lproj/Main.storyboard; sourceTree = "<group>"; };
		CA4E437D22041886002C329F /* Assets.xcassets */ = {isa = PBXFileReference; lastKnownFileType = folder.assetcatalog; path = Assets.xcassets; sourceTree = "<group>"; };
		CA4E438022041886002C329F /* Base */ = {isa = PBXFileReference; lastKnownFileType = file.storyboard; name = Base; path = Base.lproj/LaunchScreen.storyboard; sourceTree = "<group>"; };
		CA4E438222041886002C329F /* Info.plist */ = {isa = PBXFileReference; lastKnownFileType = text.plist.xml; path = Info.plist; sourceTree = "<group>"; };
		CA7164FA221A4C5C00C38029 /* EntryTableViewController.swift */ = {isa = PBXFileReference; lastKnownFileType = sourcecode.swift; path = EntryTableViewController.swift; sourceTree = "<group>"; };
		CA7164FE221A56D100C38029 /* DateAsString.swift */ = {isa = PBXFileReference; lastKnownFileType = sourcecode.swift; path = DateAsString.swift; sourceTree = "<group>"; };
		CA716502221CD93A00C38029 /* EntryStats.swift */ = {isa = PBXFileReference; lastKnownFileType = sourcecode.swift; path = EntryStats.swift; sourceTree = "<group>"; };
		CA8148E922154C4D00AA7111 /* GraphView.swift */ = {isa = PBXFileReference; lastKnownFileType = sourcecode.swift; path = GraphView.swift; sourceTree = "<group>"; };
		CA8148EB22154D9B00AA7111 /* GraphFunction.swift */ = {isa = PBXFileReference; lastKnownFileType = sourcecode.swift; path = GraphFunction.swift; sourceTree = "<group>"; };
		CA85E572222BC9C1003BE157 /* ReminderControlView.swift */ = {isa = PBXFileReference; lastKnownFileType = sourcecode.swift; path = ReminderControlView.swift; sourceTree = "<group>"; };
		CAC30678220C072D00C3229F /* ShakeExtension.swift */ = {isa = PBXFileReference; lastKnownFileType = sourcecode.swift; path = ShakeExtension.swift; sourceTree = "<group>"; };
		CAC306B7220D360200C3229F /* Card+Convenience.swift */ = {isa = PBXFileReference; lastKnownFileType = sourcecode.swift; path = "Card+Convenience.swift"; sourceTree = "<group>"; };
		CAC306BA220D4FAC00C3229F /* CardController.swift */ = {isa = PBXFileReference; lastKnownFileType = sourcecode.swift; path = CardController.swift; sourceTree = "<group>"; };
		CAD16FF6222DE7D4000A881E /* CardTableViewController.swift */ = {isa = PBXFileReference; lastKnownFileType = sourcecode.swift; path = CardTableViewController.swift; sourceTree = "<group>"; };
		CAD16FF9222DE876000A881E /* CardTableViewCell.swift */ = {isa = PBXFileReference; lastKnownFileType = sourcecode.swift; path = CardTableViewCell.swift; sourceTree = "<group>"; };
		CAD17037222EFCD2000A881E /* InsightViewController.swift */ = {isa = PBXFileReference; lastKnownFileType = sourcecode.swift; path = InsightViewController.swift; sourceTree = "<group>"; };
		CAD17039222F18CA000A881E /* Constants.swift */ = {isa = PBXFileReference; lastKnownFileType = sourcecode.swift; path = Constants.swift; sourceTree = "<group>"; };
		CAE3F9712204EF04008625C4 /* ifeelgood.xcdatamodel */ = {isa = PBXFileReference; lastKnownFileType = wrapper.xcdatamodel; path = ifeelgood.xcdatamodel; sourceTree = "<group>"; };
		CAE3F9732204F16D008625C4 /* CoreDataStack.swift */ = {isa = PBXFileReference; lastKnownFileType = sourcecode.swift; path = CoreDataStack.swift; sourceTree = "<group>"; };
		CAE3F9752204F1B1008625C4 /* FactorType+Convenience.swift */ = {isa = PBXFileReference; lastKnownFileType = sourcecode.swift; path = "FactorType+Convenience.swift"; sourceTree = "<group>"; };
		CAE3F9772204F1BF008625C4 /* Entry+Convenience.swift */ = {isa = PBXFileReference; lastKnownFileType = sourcecode.swift; path = "Entry+Convenience.swift"; sourceTree = "<group>"; };
		CAE740BE2224F46F00CA6C66 /* ReminderTableViewCell.swift */ = {isa = PBXFileReference; lastKnownFileType = sourcecode.swift; path = ReminderTableViewCell.swift; sourceTree = "<group>"; };
		CAE740C22224F52B00CA6C66 /* ReminderController.swift */ = {isa = PBXFileReference; lastKnownFileType = sourcecode.swift; path = ReminderController.swift; sourceTree = "<group>"; };
		CAE740C42224F5AB00CA6C66 /* Reminder+Convenience.swift */ = {isa = PBXFileReference; lastKnownFileType = sourcecode.swift; path = "Reminder+Convenience.swift"; sourceTree = "<group>"; };
		CAE740C62224F6FC00CA6C66 /* CoreDataManager.swift */ = {isa = PBXFileReference; lastKnownFileType = sourcecode.swift; path = CoreDataManager.swift; sourceTree = "<group>"; };
		CAE740C82224FB9300CA6C66 /* ReminderViewController.swift */ = {isa = PBXFileReference; lastKnownFileType = sourcecode.swift; path = ReminderViewController.swift; sourceTree = "<group>"; };
		CAF353552223C2BA00F614B8 /* SettingsTableViewController.swift */ = {isa = PBXFileReference; lastKnownFileType = sourcecode.swift; path = SettingsTableViewController.swift; sourceTree = "<group>"; };
/* End PBXFileReference section */

/* Begin PBXFrameworksBuildPhase section */
		CA4E437022041885002C329F /* Frameworks */ = {
			isa = PBXFrameworksBuildPhase;
			buildActionMask = 2147483647;
			files = (
			);
			runOnlyForDeploymentPostprocessing = 0;
		};
/* End PBXFrameworksBuildPhase section */

/* Begin PBXGroup section */
		CA1016F5222B8A130066B2B5 /* Managers */ = {
			isa = PBXGroup;
			children = (
				CAE740C62224F6FC00CA6C66 /* CoreDataManager.swift */,
				CA1016F3222B89E60066B2B5 /* NotificationManager.swift */,
			);
			path = Managers;
			sourceTree = "<group>";
		};
		CA4E436A22041885002C329F = {
			isa = PBXGroup;
			children = (
				CA4E437522041885002C329F /* ifeelgood */,
				CA4E437422041885002C329F /* Products */,
			);
			sourceTree = "<group>";
		};
		CA4E437422041885002C329F /* Products */ = {
			isa = PBXGroup;
			children = (
				CA4E437322041885002C329F /* ifeelgood.app */,
			);
			name = Products;
			sourceTree = "<group>";
		};
		CA4E437522041885002C329F /* ifeelgood */ = {
			isa = PBXGroup;
			children = (
				CA4E438822041894002C329F /* Resources */,
				CAE3F9792204F1C6008625C4 /* Models */,
				CAE3F96D2204E926008625C4 /* Views */,
				CAC306B6220D20F300C3229F /* Controllers */,
			);
			path = ifeelgood;
			sourceTree = "<group>";
		};
		CA4E438822041894002C329F /* Resources */ = {
			isa = PBXGroup;
			children = (
				CAE3F9702204EF04008625C4 /* ifeelgood.xcdatamodeld */,
				CAE3F9732204F16D008625C4 /* CoreDataStack.swift */,
				CA4E437622041885002C329F /* AppDelegate.swift */,
				CA4E437D22041886002C329F /* Assets.xcassets */,
				CA4E437F22041886002C329F /* LaunchScreen.storyboard */,
				CA4E438222041886002C329F /* Info.plist */,
				CA1016F5222B8A130066B2B5 /* Managers */,
				CAC306B9220D380100C3229F /* CustomComponents */,
			);
			path = Resources;
			sourceTree = "<group>";
		};
		CAC306B6220D20F300C3229F /* Controllers */ = {
			isa = PBXGroup;
			children = (
				CAE3F97C2204F37E008625C4 /* ModelController */,
				CAE3F96E2204E92D008625C4 /* ViewControllers */,
			);
			path = Controllers;
			sourceTree = "<group>";
		};
		CAC306B9220D380100C3229F /* CustomComponents */ = {
			isa = PBXGroup;
			children = (
				CA3F5845220FA1000049752A /* AlertControllers.swift */,
				CA8148E922154C4D00AA7111 /* GraphView.swift */,
				CAC30678220C072D00C3229F /* ShakeExtension.swift */,
				CA7164FE221A56D100C38029 /* DateAsString.swift */,
				CA8148EB22154D9B00AA7111 /* GraphFunction.swift */,
				CAD17039222F18CA000A881E /* Constants.swift */,
			);
			path = CustomComponents;
			sourceTree = "<group>";
		};
		CAD16FF8222DE7E2000A881E /* SettingsVCs */ = {
			isa = PBXGroup;
			children = (
				CAF353552223C2BA00F614B8 /* SettingsTableViewController.swift */,
				CAE740C82224FB9300CA6C66 /* ReminderViewController.swift */,
				CAD16FF6222DE7D4000A881E /* CardTableViewController.swift */,
				CA7164FA221A4C5C00C38029 /* EntryTableViewController.swift */,
			);
			path = SettingsVCs;
			sourceTree = "<group>";
		};
		CAE3F96D2204E926008625C4 /* Views */ = {
			isa = PBXGroup;
			children = (
				CA4E437A22041885002C329F /* Main.storyboard */,
				CAD16FF9222DE876000A881E /* CardTableViewCell.swift */,
				CA85E572222BC9C1003BE157 /* ReminderControlView.swift */,
				CAE740BE2224F46F00CA6C66 /* ReminderTableViewCell.swift */,
				CA1F712F2205981F0094A12A /* CardView.swift */,
			);
			path = Views;
			sourceTree = "<group>";
		};
		CAE3F96E2204E92D008625C4 /* ViewControllers */ = {
			isa = PBXGroup;
			children = (
				CAD16FF8222DE7E2000A881E /* SettingsVCs */,
				CA1F713122059A1A0094A12A /* MainViewController.swift */,
				CAD17037222EFCD2000A881E /* InsightViewController.swift */,
			);
			path = ViewControllers;
			sourceTree = "<group>";
		};
		CAE3F9792204F1C6008625C4 /* Models */ = {
			isa = PBXGroup;
			children = (
				CAC306B7220D360200C3229F /* Card+Convenience.swift */,
				CAE3F9772204F1BF008625C4 /* Entry+Convenience.swift */,
				CAE3F9752204F1B1008625C4 /* FactorType+Convenience.swift */,
				CA164FDD2216125300205AE9 /* FactorMark+Convenience.swift */,
				CAE740C42224F5AB00CA6C66 /* Reminder+Convenience.swift */,
				CA716502221CD93A00C38029 /* EntryStats.swift */,
			);
			path = Models;
			sourceTree = "<group>";
		};
		CAE3F97C2204F37E008625C4 /* ModelController */ = {
			isa = PBXGroup;
			children = (
				CAE740C22224F52B00CA6C66 /* ReminderController.swift */,
				CAC306BA220D4FAC00C3229F /* CardController.swift */,
			);
			path = ModelController;
			sourceTree = "<group>";
		};
/* End PBXGroup section */

/* Begin PBXNativeTarget section */
		CA4E437222041885002C329F /* ifeelgood */ = {
			isa = PBXNativeTarget;
			buildConfigurationList = CA4E438522041886002C329F /* Build configuration list for PBXNativeTarget "ifeelgood" */;
			buildPhases = (
				CA4E436F22041885002C329F /* Sources */,
				CA4E437022041885002C329F /* Frameworks */,
				CA4E437122041885002C329F /* Resources */,
			);
			buildRules = (
			);
			dependencies = (
			);
			name = ifeelgood;
			productName = ifeelgood;
			productReference = CA4E437322041885002C329F /* ifeelgood.app */;
			productType = "com.apple.product-type.application";
		};
/* End PBXNativeTarget section */

/* Begin PBXProject section */
		CA4E436B22041885002C329F /* Project object */ = {
			isa = PBXProject;
			attributes = {
				LastSwiftUpdateCheck = 1010;
				LastUpgradeCheck = 1010;
				ORGANIZATIONNAME = "ya boy E";
				TargetAttributes = {
					CA4E437222041885002C329F = {
						CreatedOnToolsVersion = 10.1;
					};
				};
			};
			buildConfigurationList = CA4E436E22041885002C329F /* Build configuration list for PBXProject "ifeelgood" */;
			compatibilityVersion = "Xcode 9.3";
			developmentRegion = en;
			hasScannedForEncodings = 0;
			knownRegions = (
				en,
				Base,
			);
			mainGroup = CA4E436A22041885002C329F;
			productRefGroup = CA4E437422041885002C329F /* Products */;
			projectDirPath = "";
			projectRoot = "";
			targets = (
				CA4E437222041885002C329F /* ifeelgood */,
			);
		};
/* End PBXProject section */

/* Begin PBXResourcesBuildPhase section */
		CA4E437122041885002C329F /* Resources */ = {
			isa = PBXResourcesBuildPhase;
			buildActionMask = 2147483647;
			files = (
				CA4E438122041886002C329F /* LaunchScreen.storyboard in Resources */,
				CA4E437E22041886002C329F /* Assets.xcassets in Resources */,
				CA4E437C22041885002C329F /* Main.storyboard in Resources */,
			);
			runOnlyForDeploymentPostprocessing = 0;
		};
/* End PBXResourcesBuildPhase section */

/* Begin PBXSourcesBuildPhase section */
		CA4E436F22041885002C329F /* Sources */ = {
			isa = PBXSourcesBuildPhase;
			buildActionMask = 2147483647;
			files = (
				CA3F5846220FA1000049752A /* AlertControllers.swift in Sources */,
				CA1F71302205981F0094A12A /* CardView.swift in Sources */,
				CAE740BF2224F46F00CA6C66 /* ReminderTableViewCell.swift in Sources */,
				CAC306BB220D4FAC00C3229F /* CardController.swift in Sources */,
				CAE740C52224F5AB00CA6C66 /* Reminder+Convenience.swift in Sources */,
				CAD1703A222F18CA000A881E /* Constants.swift in Sources */,
				CAE3F9762204F1B1008625C4 /* FactorType+Convenience.swift in Sources */,
				CA1016F4222B89E60066B2B5 /* NotificationManager.swift in Sources */,
				CAD16FFA222DE876000A881E /* CardTableViewCell.swift in Sources */,
				CA716503221CD93A00C38029 /* EntryStats.swift in Sources */,
				CA8148EC22154D9B00AA7111 /* GraphFunction.swift in Sources */,
				CAE740C92224FB9300CA6C66 /* ReminderViewController.swift in Sources */,
				CAE740C72224F6FC00CA6C66 /* CoreDataManager.swift in Sources */,
				CAE740C32224F52B00CA6C66 /* ReminderController.swift in Sources */,
				CA4E437722041885002C329F /* AppDelegate.swift in Sources */,
				CA7164FF221A56D100C38029 /* DateAsString.swift in Sources */,
				CAF353562223C2BA00F614B8 /* SettingsTableViewController.swift in Sources */,
				CAE3F9722204EF04008625C4 /* ifeelgood.xcdatamodeld in Sources */,
				CA8148EA22154C4D00AA7111 /* GraphView.swift in Sources */,
				CAD16FF7222DE7D4000A881E /* CardTableViewController.swift in Sources */,
				CAC30679220C072D00C3229F /* ShakeExtension.swift in Sources */,
				CAC306B8220D360200C3229F /* Card+Convenience.swift in Sources */,
				CA1F713222059A1A0094A12A /* MainViewController.swift in Sources */,
				CA164FDE2216125300205AE9 /* FactorMark+Convenience.swift in Sources */,
				CAD17038222EFCD2000A881E /* InsightViewController.swift in Sources */,
				CAE3F9782204F1BF008625C4 /* Entry+Convenience.swift in Sources */,
				CA7164FB221A4C5C00C38029 /* EntryTableViewController.swift in Sources */,
				CA85E573222BC9C1003BE157 /* ReminderControlView.swift in Sources */,
				CAE3F9742204F16D008625C4 /* CoreDataStack.swift in Sources */,
			);
			runOnlyForDeploymentPostprocessing = 0;
		};
/* End PBXSourcesBuildPhase section */

/* Begin PBXVariantGroup section */
		CA4E437A22041885002C329F /* Main.storyboard */ = {
			isa = PBXVariantGroup;
			children = (
				CA4E437B22041885002C329F /* Base */,
			);
			name = Main.storyboard;
			sourceTree = "<group>";
		};
		CA4E437F22041886002C329F /* LaunchScreen.storyboard */ = {
			isa = PBXVariantGroup;
			children = (
				CA4E438022041886002C329F /* Base */,
			);
			name = LaunchScreen.storyboard;
			sourceTree = "<group>";
		};
/* End PBXVariantGroup section */

/* Begin XCBuildConfiguration section */
		CA4E438322041886002C329F /* Debug */ = {
			isa = XCBuildConfiguration;
			buildSettings = {
				ALWAYS_SEARCH_USER_PATHS = NO;
				CLANG_ANALYZER_NONNULL = YES;
				CLANG_ANALYZER_NUMBER_OBJECT_CONVERSION = YES_AGGRESSIVE;
				CLANG_CXX_LANGUAGE_STANDARD = "gnu++14";
				CLANG_CXX_LIBRARY = "libc++";
				CLANG_ENABLE_MODULES = YES;
				CLANG_ENABLE_OBJC_ARC = YES;
				CLANG_ENABLE_OBJC_WEAK = YES;
				CLANG_WARN_BLOCK_CAPTURE_AUTORELEASING = YES;
				CLANG_WARN_BOOL_CONVERSION = YES;
				CLANG_WARN_COMMA = YES;
				CLANG_WARN_CONSTANT_CONVERSION = YES;
				CLANG_WARN_DEPRECATED_OBJC_IMPLEMENTATIONS = YES;
				CLANG_WARN_DIRECT_OBJC_ISA_USAGE = YES_ERROR;
				CLANG_WARN_DOCUMENTATION_COMMENTS = YES;
				CLANG_WARN_EMPTY_BODY = YES;
				CLANG_WARN_ENUM_CONVERSION = YES;
				CLANG_WARN_INFINITE_RECURSION = YES;
				CLANG_WARN_INT_CONVERSION = YES;
				CLANG_WARN_NON_LITERAL_NULL_CONVERSION = YES;
				CLANG_WARN_OBJC_IMPLICIT_RETAIN_SELF = YES;
				CLANG_WARN_OBJC_LITERAL_CONVERSION = YES;
				CLANG_WARN_OBJC_ROOT_CLASS = YES_ERROR;
				CLANG_WARN_RANGE_LOOP_ANALYSIS = YES;
				CLANG_WARN_STRICT_PROTOTYPES = YES;
				CLANG_WARN_SUSPICIOUS_MOVE = YES;
				CLANG_WARN_UNGUARDED_AVAILABILITY = YES_AGGRESSIVE;
				CLANG_WARN_UNREACHABLE_CODE = YES;
				CLANG_WARN__DUPLICATE_METHOD_MATCH = YES;
				CODE_SIGN_IDENTITY = "iPhone Developer";
				COPY_PHASE_STRIP = NO;
				DEBUG_INFORMATION_FORMAT = dwarf;
				ENABLE_STRICT_OBJC_MSGSEND = YES;
				ENABLE_TESTABILITY = YES;
				GCC_C_LANGUAGE_STANDARD = gnu11;
				GCC_DYNAMIC_NO_PIC = NO;
				GCC_NO_COMMON_BLOCKS = YES;
				GCC_OPTIMIZATION_LEVEL = 0;
				GCC_PREPROCESSOR_DEFINITIONS = (
					"DEBUG=1",
					"$(inherited)",
				);
				GCC_WARN_64_TO_32_BIT_CONVERSION = YES;
				GCC_WARN_ABOUT_RETURN_TYPE = YES_ERROR;
				GCC_WARN_UNDECLARED_SELECTOR = YES;
				GCC_WARN_UNINITIALIZED_AUTOS = YES_AGGRESSIVE;
				GCC_WARN_UNUSED_FUNCTION = YES;
				GCC_WARN_UNUSED_VARIABLE = YES;
				IPHONEOS_DEPLOYMENT_TARGET = 12.1;
				MTL_ENABLE_DEBUG_INFO = INCLUDE_SOURCE;
				MTL_FAST_MATH = YES;
				ONLY_ACTIVE_ARCH = YES;
				SDKROOT = iphoneos;
				SWIFT_ACTIVE_COMPILATION_CONDITIONS = DEBUG;
				SWIFT_OPTIMIZATION_LEVEL = "-Onone";
			};
			name = Debug;
		};
		CA4E438422041886002C329F /* Release */ = {
			isa = XCBuildConfiguration;
			buildSettings = {
				ALWAYS_SEARCH_USER_PATHS = NO;
				CLANG_ANALYZER_NONNULL = YES;
				CLANG_ANALYZER_NUMBER_OBJECT_CONVERSION = YES_AGGRESSIVE;
				CLANG_CXX_LANGUAGE_STANDARD = "gnu++14";
				CLANG_CXX_LIBRARY = "libc++";
				CLANG_ENABLE_MODULES = YES;
				CLANG_ENABLE_OBJC_ARC = YES;
				CLANG_ENABLE_OBJC_WEAK = YES;
				CLANG_WARN_BLOCK_CAPTURE_AUTORELEASING = YES;
				CLANG_WARN_BOOL_CONVERSION = YES;
				CLANG_WARN_COMMA = YES;
				CLANG_WARN_CONSTANT_CONVERSION = YES;
				CLANG_WARN_DEPRECATED_OBJC_IMPLEMENTATIONS = YES;
				CLANG_WARN_DIRECT_OBJC_ISA_USAGE = YES_ERROR;
				CLANG_WARN_DOCUMENTATION_COMMENTS = YES;
				CLANG_WARN_EMPTY_BODY = YES;
				CLANG_WARN_ENUM_CONVERSION = YES;
				CLANG_WARN_INFINITE_RECURSION = YES;
				CLANG_WARN_INT_CONVERSION = YES;
				CLANG_WARN_NON_LITERAL_NULL_CONVERSION = YES;
				CLANG_WARN_OBJC_IMPLICIT_RETAIN_SELF = YES;
				CLANG_WARN_OBJC_LITERAL_CONVERSION = YES;
				CLANG_WARN_OBJC_ROOT_CLASS = YES_ERROR;
				CLANG_WARN_RANGE_LOOP_ANALYSIS = YES;
				CLANG_WARN_STRICT_PROTOTYPES = YES;
				CLANG_WARN_SUSPICIOUS_MOVE = YES;
				CLANG_WARN_UNGUARDED_AVAILABILITY = YES_AGGRESSIVE;
				CLANG_WARN_UNREACHABLE_CODE = YES;
				CLANG_WARN__DUPLICATE_METHOD_MATCH = YES;
				CODE_SIGN_IDENTITY = "iPhone Developer";
				COPY_PHASE_STRIP = NO;
				DEBUG_INFORMATION_FORMAT = "dwarf-with-dsym";
				ENABLE_NS_ASSERTIONS = NO;
				ENABLE_STRICT_OBJC_MSGSEND = YES;
				GCC_C_LANGUAGE_STANDARD = gnu11;
				GCC_NO_COMMON_BLOCKS = YES;
				GCC_WARN_64_TO_32_BIT_CONVERSION = YES;
				GCC_WARN_ABOUT_RETURN_TYPE = YES_ERROR;
				GCC_WARN_UNDECLARED_SELECTOR = YES;
				GCC_WARN_UNINITIALIZED_AUTOS = YES_AGGRESSIVE;
				GCC_WARN_UNUSED_FUNCTION = YES;
				GCC_WARN_UNUSED_VARIABLE = YES;
				IPHONEOS_DEPLOYMENT_TARGET = 12.1;
				MTL_ENABLE_DEBUG_INFO = NO;
				MTL_FAST_MATH = YES;
				SDKROOT = iphoneos;
				SWIFT_COMPILATION_MODE = wholemodule;
				SWIFT_OPTIMIZATION_LEVEL = "-O";
				VALIDATE_PRODUCT = YES;
			};
			name = Release;
		};
		CA4E438622041886002C329F /* Debug */ = {
			isa = XCBuildConfiguration;
			buildSettings = {
				ASSETCATALOG_COMPILER_APPICON_NAME = AppIcon;
				CODE_SIGN_STYLE = Automatic;
				DEVELOPMENT_TEAM = J8Z88H6B28;
				INFOPLIST_FILE = "$(SRCROOT)/ifeelgood/Resources/Info.plist";
				LD_RUNPATH_SEARCH_PATHS = (
					"$(inherited)",
					"@executable_path/Frameworks",
				);
				PRODUCT_BUNDLE_IDENTIFIER = com.ethansapps.ifeelgood;
				PRODUCT_NAME = "$(TARGET_NAME)";
				SWIFT_VERSION = 4.2;
				TARGETED_DEVICE_FAMILY = "1,2";
			};
			name = Debug;
		};
		CA4E438722041886002C329F /* Release */ = {
			isa = XCBuildConfiguration;
			buildSettings = {
				ASSETCATALOG_COMPILER_APPICON_NAME = AppIcon;
				CODE_SIGN_STYLE = Automatic;
				DEVELOPMENT_TEAM = J8Z88H6B28;
				INFOPLIST_FILE = "$(SRCROOT)/ifeelgood/Resources/Info.plist";
				LD_RUNPATH_SEARCH_PATHS = (
					"$(inherited)",
					"@executable_path/Frameworks",
				);
				PRODUCT_BUNDLE_IDENTIFIER = com.ethansapps.ifeelgood;
				PRODUCT_NAME = "$(TARGET_NAME)";
				SWIFT_VERSION = 4.2;
				TARGETED_DEVICE_FAMILY = "1,2";
			};
			name = Release;
		};
/* End XCBuildConfiguration section */

/* Begin XCConfigurationList section */
		CA4E436E22041885002C329F /* Build configuration list for PBXProject "ifeelgood" */ = {
			isa = XCConfigurationList;
			buildConfigurations = (
				CA4E438322041886002C329F /* Debug */,
				CA4E438422041886002C329F /* Release */,
			);
			defaultConfigurationIsVisible = 0;
			defaultConfigurationName = Release;
		};
		CA4E438522041886002C329F /* Build configuration list for PBXNativeTarget "ifeelgood" */ = {
			isa = XCConfigurationList;
			buildConfigurations = (
				CA4E438622041886002C329F /* Debug */,
				CA4E438722041886002C329F /* Release */,
			);
			defaultConfigurationIsVisible = 0;
			defaultConfigurationName = Release;
		};
/* End XCConfigurationList section */

/* Begin XCVersionGroup section */
		CAE3F9702204EF04008625C4 /* ifeelgood.xcdatamodeld */ = {
			isa = XCVersionGroup;
			children = (
				CAE3F9712204EF04008625C4 /* ifeelgood.xcdatamodel */,
			);
			currentVersion = CAE3F9712204EF04008625C4 /* ifeelgood.xcdatamodel */;
			path = ifeelgood.xcdatamodeld;
			sourceTree = "<group>";
			versionGroupType = wrapper.xcdatamodel;
		};
/* End XCVersionGroup section */
	};
	rootObject = CA4E436B22041885002C329F /* Project object */;
}
